
Microsoft Visual Studio Solution File, Format Version 12.00
# Visual Studio Version 16
VisualStudioVersion = 16.0.29326.143
MinimumVisualStudioVersion = 10.0.40219.1
Project("{FAE04EC0-301F-11D3-BF4B-00C04F79EFBC}") = "Yazılım Yapmı Ödev 1", "Yazılım Yapmı Ödev 1\Yazılım Yapmı Ödev 1.csproj", "{3693577A-C390-45D3-8F1C-3FF0700D4594}"
EndProject
Global
	GlobalSection(SolutionConfigurationPlatforms) = preSolution
		Debug|Any CPU = Debug|Any CPU
		Release|Any CPU = Release|Any CPU
	EndGlobalSection
	GlobalSection(ProjectConfigurationPlatforms) = postSolution
		{3693577A-C390-45D3-8F1C-3FF0700D4594}.Debug|Any CPU.ActiveCfg = Debug|Any CPU
		{3693577A-C390-45D3-8F1C-3FF0700D4594}.Debug|Any CPU.Build.0 = Debug|Any CPU
		{3693577A-C390-45D3-8F1C-3FF0700D4594}.Release|Any CPU.ActiveCfg = Release|Any CPU
		{3693577A-C390-45D3-8F1C-3FF0700D4594}.Release|Any CPU.Build.0 = Release|Any CPU
	EndGlobalSection
	GlobalSection(SolutionProperties) = preSolution
		HideSolutionNode = FALSE
	EndGlobalSection
	GlobalSection(ExtensibilityGlobals) = postSolution
		SolutionGuid = {255EAF49-7EA7-4598-AEC8-7CFEC5C01696}
	EndGlobalSection
EndGlobal
